
Microsoft Visual Studio Solution File, Format Version 12.00
# Visual Studio Version 17
VisualStudioVersion = 17.0.32014.148
MinimumVisualStudioVersion = 10.0.40219.1
Project("{9A19103F-16F7-4668-BE54-9A1E7A4F7556}") = "Infoshare.Yarp.Samples.LoadBalancer.ReverseProxy", "Infoshare.Yarp.Samples.LoadBalancer.ReverseProxy\Infoshare.Yarp.Samples.LoadBalancer.ReverseProxy.csproj", "{CE39478D-4549-47C3-9C56-CC9C8E77064A}"
EndProject
Global
	GlobalSection(SolutionConfigurationPlatforms) = preSolution
		Debug|Any CPU = Debug|Any CPU
		Release|Any CPU = Release|Any CPU
	EndGlobalSection
	GlobalSection(ProjectConfigurationPlatforms) = postSolution
		{CE39478D-4549-47C3-9C56-CC9C8E77064A}.Debug|Any CPU.ActiveCfg = Debug|Any CPU
		{CE39478D-4549-47C3-9C56-CC9C8E77064A}.Debug|Any CPU.Build.0 = Debug|Any CPU
		{CE39478D-4549-47C3-9C56-CC9C8E77064A}.Release|Any CPU.ActiveCfg = Release|Any CPU
		{CE39478D-4549-47C3-9C56-CC9C8E77064A}.Release|Any CPU.Build.0 = Release|Any CPU
	EndGlobalSection
	GlobalSection(SolutionProperties) = preSolution
		HideSolutionNode = FALSE
	EndGlobalSection
	GlobalSection(ExtensibilityGlobals) = postSolution
		SolutionGuid = {A2D7422E-DA0A-431C-86C0-00731B222C7E}
	EndGlobalSection
EndGlobal
